PODS:
  - AFNetworking (3.2.1):
    - AFNetworking/NSURLSession (= 3.2.1)
    - AFNetworking/Reachability (= 3.2.1)
    - AFNetworking/Security (= 3.2.1)
    - AFNetworking/Serialization (= 3.2.1)
    - AFNetworking/UIKit (= 3.2.1)
  - AFNetworking/NSURLSession (3.2.1):
    - AFNetworking/Reachability
    - AFNetworking/Security
    - AFNetworking/Serialization
  - AFNetworking/Reachability (3.2.1)
  - AFNetworking/Security (3.2.1)
  - AFNetworking/Serialization (3.2.1)
  - AFNetworking/UIKit (3.2.1):
    - AFNetworking/NSURLSession
  - IQKeyboardManager (6.4.2)
  - JCore (2.1.2)
  - JJFontFit (1.0.1)
  - JPush (3.2.4):
    - JCore (< 3.0.0, >= 2.0.0)
  - JXCategoryView (1.5.0)
  - MBProgressHUD (1.1.0)
  - MJRefresh (3.2.0)
  - NHHUDExtend (1.0.2):
    - MBProgressHUD
  - RollingNotice (1.0.9)
  - SDWebImage (5.1.1):
    - SDWebImage/Core (= 5.1.1)
  - SDWebImage/Core (5.1.1)
  - TYCyclePagerView (1.2.0)
  - UMCCommon (2.1.1)
  - UMCSecurityPlugins (1.0.6)
  - UMCShare/Core (6.9.6):
    - UMCCommon
  - UMCShare/Social/ReducedWeChat (6.9.6):
    - UMCCommon
    - UMCShare/Core
  - UMCShare/UI (6.9.6):
    - UMCCommon
    - UMCShare/Core
  - WechatOpenSDK (1.8.6)
  - YYCache (1.0.4)
  - YYModel (1.0.4)
  - YYText (1.0.7)
  - zhPopupController (1.0.3)
  - ZLCollectionViewFlowLayout (1.1.5)
  - ZLPhotoBrowser (3.0.7):
    - SDWebImage (~> 5.1.0)

DEPENDENCIES:
  - AFNetworking
  - IQKeyboardManager
  - JJFontFit
  - JPush
  - JXCategoryView
  - MJRefresh
  - NHHUDExtend
  - RollingNotice
  - TYCyclePagerView
  - UMCCommon
  - UMCSecurityPlugins
  - UMCShare/Social/ReducedWeChat
  - UMCShare/UI
  - WechatOpenSDK
  - YYCache
  - YYModel
  - YYText
  - zhPopupController
  - ZLCollectionViewFlowLayout
  - ZLPhotoBrowser

SPEC REPOS:
  https://github.com/cocoapods/specs.git:
    - AFNetworking
    - IQKeyboardManager
    - JCore
    - JJFontFit
    - JPush
    - JXCategoryView
    - MBProgressHUD
    - MJRefresh
    - NHHUDExtend
    - RollingNotice
    - SDWebImage
    - TYCyclePagerView
    - UMCCommon
    - UMCSecurityPlugins
    - UMCShare
    - WechatOpenSDK
    - YYCache
    - YYModel
    - YYText
    - zhPopupController
    - ZLCollectionViewFlowLayout
    - ZLPhotoBrowser

SPEC CHECKSUMS:
  AFNetworking: b6f891fdfaed196b46c7a83cf209e09697b94057
  IQKeyboardManager: b41e0a4943fbac4c11a239d31a688667675f962e
  JCore: 1a426120b510cdebfd67b82bfb9483238ee09413
  JJFontFit: 1332e4bf5b5d55d335ec1d6dd585d7f4da21c348
  JPush: 29466e5f30dbd703f640d70540e411e829cac1fa
  JXCategoryView: 9ea4bdf5cd63a6441701147da269446ed97d5dc9
  MBProgressHUD: e7baa36a220447d8aeb12769bf0585582f3866d9
  MJRefresh: ed450d6eb9d3346a2cb033ab7eb6de090aeef437
  NHHUDExtend: 1fd914b12b93ac61c1cfdb04485c25db59f27627
  RollingNotice: 6bb331a2cd892cf8c87d816bd3b503a98d830fc0
  SDWebImage: 96d7f03415ccb28d299d765f93557ff8a617abd8
  TYCyclePagerView: 2b051dade0615c70784aa34f40c646feeddb7344
  UMCCommon: 971f324a5a99c9d662ae040a815e7e3d7ef8b2a8
  UMCSecurityPlugins: 0831a08f3988f3cea9f1d3a7626cd9bee4fef150
  UMCShare: e0cef55c0fd6051254c8cda1d0630eb578b27bad
  WechatOpenSDK: 368ae03b72ee3ea1328c4f11326fbb5d2721d118
  YYCache: 8105b6638f5e849296c71f331ff83891a4942952
  YYModel: 2a7fdd96aaa4b86a824e26d0c517de8928c04b30
  YYText: 5c461d709e24d55a182d1441c41dc639a18a4849
  zhPopupController: 4e6bd734062cb9c7ebe8113568550bade168bed7
  ZLCollectionViewFlowLayout: 385bfd4a557ee01a3b3efbc46cb49b3032ec29f4
  ZLPhotoBrowser: 55d631fb86eb4456230c5f8f6fd83933b9a53d21

PODFILE CHECKSUM: b28dffa3787e05a6cca17f1a587f855b9877cafd

COCOAPODS: 1.6.1
